
Microsoft Visual Studio Solution File, Format Version 12.00
# Visual Studio Version 17
VisualStudioVersion = 17.4.33205.214
MinimumVisualStudioVersion = 10.0.40219.1
Project("{8BC9CEB8-8B4A-11D0-8D11-00A0C91BC942}") = "BouncingCircle", "BouncingCircle.vcxproj", "{5D12E1E5-1383-4EAC-8CDD-83FA7E6CF58B}"
EndProject
Global
	GlobalSection(SolutionConfigurationPlatforms) = preSolution
		Debug|x64 = Debug|x64
		Debug|x86 = Debug|x86
		Release|x64 = Release|x64
		Release|x86 = Release|x86
	EndGlobalSection
	GlobalSection(ProjectConfigurationPlatforms) = postSolution
		{5D12E1E5-1383-4EAC-8CDD-83FA7E6CF58B}.Debug|x64.ActiveCfg = Debug|Win32
		{5D12E1E5-1383-4EAC-8CDD-83FA7E6CF58B}.Debug|x64.Build.0 = Debug|Win32
		{5D12E1E5-1383-4EAC-8CDD-83FA7E6CF58B}.Debug|x86.ActiveCfg = Debug|Win32
		{5D12E1E5-1383-4EAC-8CDD-83FA7E6CF58B}.Debug|x86.Build.0 = Debug|Win32
		{5D12E1E5-1383-4EAC-8CDD-83FA7E6CF58B}.Release|x64.ActiveCfg = Release|x64
		{5D12E1E5-1383-4EAC-8CDD-83FA7E6CF58B}.Release|x64.Build.0 = Release|x64
		{5D12E1E5-1383-4EAC-8CDD-83FA7E6CF58B}.Release|x86.ActiveCfg = Release|Win32
		{5D12E1E5-1383-4EAC-8CDD-83FA7E6CF58B}.Release|x86.Build.0 = Release|Win32
	EndGlobalSection
	GlobalSection(SolutionProperties) = preSolution
		HideSolutionNode = FALSE
	EndGlobalSection
	GlobalSection(ExtensibilityGlobals) = postSolution
		SolutionGuid = {214CE796-6206-40DB-A937-26B132DA5CAF}
	EndGlobalSection
EndGlobal
